
Microsoft Visual Studio Solution File, Format Version 12.00
# Visual Studio Version 17
VisualStudioVersion = 17.8.34322.80
MinimumVisualStudioVersion = 10.0.40219.1
Project("{FAE04EC0-301F-11D3-BF4B-00C04F79EFBC}") = "ComplexNumbers", "ComplexNumbers.csproj", "{434C2814-5158-40B9-91BC-A2A6AC0F576A}"
EndProject
Global
	GlobalSection(SolutionConfigurationPlatforms) = preSolution
		Debug|Any CPU = Debug|Any CPU
		Release|Any CPU = Release|Any CPU
	EndGlobalSection
	GlobalSection(ProjectConfigurationPlatforms) = postSolution
		{434C2814-5158-40B9-91BC-A2A6AC0F576A}.Debug|Any CPU.ActiveCfg = Debug|Any CPU
		{434C2814-5158-40B9-91BC-A2A6AC0F576A}.Debug|Any CPU.Build.0 = Debug|Any CPU
		{434C2814-5158-40B9-91BC-A2A6AC0F576A}.Release|Any CPU.ActiveCfg = Release|Any CPU
		{434C2814-5158-40B9-91BC-A2A6AC0F576A}.Release|Any CPU.Build.0 = Release|Any CPU
	EndGlobalSection
	GlobalSection(SolutionProperties) = preSolution
		HideSolutionNode = FALSE
	EndGlobalSection
	GlobalSection(ExtensibilityGlobals) = postSolution
		SolutionGuid = {5E9FCEF9-8128-4EA8-B623-A9A0DBB2F3B8}
	EndGlobalSection
EndGlobal
